
Microsoft Visual Studio Solution File, Format Version 12.00
# Visual Studio Version 17
VisualStudioVersion = 17.1.32407.343
MinimumVisualStudioVersion = 10.0.40219.1
Project("{9A19103F-16F7-4668-BE54-9A1E7A4F7556}") = "ID3Man", "ID3Man\ID3Man.csproj", "{8F4F0E72-C936-4133-B4A6-0995BBFBE955}"
EndProject
Global
	GlobalSection(SolutionConfigurationPlatforms) = preSolution
		Debug|Any CPU = Debug|Any CPU
		Release|Any CPU = Release|Any CPU
	EndGlobalSection
	GlobalSection(ProjectConfigurationPlatforms) = postSolution
		{8F4F0E72-C936-4133-B4A6-0995BBFBE955}.Debug|Any CPU.ActiveCfg = Debug|Any CPU
		{8F4F0E72-C936-4133-B4A6-0995BBFBE955}.Debug|Any CPU.Build.0 = Debug|Any CPU
		{8F4F0E72-C936-4133-B4A6-0995BBFBE955}.Release|Any CPU.ActiveCfg = Release|Any CPU
		{8F4F0E72-C936-4133-B4A6-0995BBFBE955}.Release|Any CPU.Build.0 = Release|Any CPU
	EndGlobalSection
	GlobalSection(SolutionProperties) = preSolution
		HideSolutionNode = FALSE
	EndGlobalSection
	GlobalSection(ExtensibilityGlobals) = postSolution
		SolutionGuid = {9F0A7A92-609E-4C37-AF62-28390A018325}
	EndGlobalSection
EndGlobal
